// !$*UTF8*$!
{
	archiveVersion = 1;
	classes = {
	};
	objectVersion = 56;
	objects = {

/* Begin PBXBuildFile section */
		00F073352B60F50C002F82CE /* BallNoLieApp.swift in Sources */ = {isa = PBXBuildFile; fileRef = 00F073342B60F50C002F82CE /* BallNoLieApp.swift */; };
		00F073372B60F50C002F82CE /* ContentView.swift in Sources */ = {isa = PBXBuildFile; fileRef = 00F073362B60F50C002F82CE /* ContentView.swift */; };
		00F073392B60F50D002F82CE /* Assets.xcassets in Resources */ = {isa = PBXBuildFile; fileRef = 00F073382B60F50D002F82CE /* Assets.xcassets */; };
		00F0733C2B60F50D002F82CE /* Preview Assets.xcassets in Resources */ = {isa = PBXBuildFile; fileRef = 00F0733B2B60F50D002F82CE /* Preview Assets.xcassets */; };
		00F073422B60F50D002F82CE /* BallNoLie Watch App.app in Embed Watch Content */ = {isa = PBXBuildFile; fileRef = 00F073412B60F50D002F82CE /* BallNoLie Watch App.app */; settings = {ATTRIBUTES = (RemoveHeadersOnCopy, ); }; };
		00F073472B60F50D002F82CE /* BallNoLieApp.swift in Sources */ = {isa = PBXBuildFile; fileRef = 00F073462B60F50D002F82CE /* BallNoLieApp.swift */; };
		00F073492B60F50D002F82CE /* ContentView.swift in Sources */ = {isa = PBXBuildFile; fileRef = 00F073482B60F50D002F82CE /* ContentView.swift */; };
		00F0734B2B60F50E002F82CE /* Assets.xcassets in Resources */ = {isa = PBXBuildFile; fileRef = 00F0734A2B60F50E002F82CE /* Assets.xcassets */; };
		00F0734E2B60F50E002F82CE /* Preview Assets.xcassets in Resources */ = {isa = PBXBuildFile; fileRef = 00F0734D2B60F50E002F82CE /* Preview Assets.xcassets */; };
/* End PBXBuildFile section */

/* Begin PBXContainerItemProxy section */
		00F073432B60F50D002F82CE /* PBXContainerItemProxy */ = {
			isa = PBXContainerItemProxy;
			containerPortal = 00F073292B60F50C002F82CE /* Project object */;
			proxyType = 1;
			remoteGlobalIDString = 00F073402B60F50D002F82CE;
			remoteInfo = "BallNoLie Watch App";
		};
/* End PBXContainerItemProxy section */

/* Begin PBXCopyFilesBuildPhase section */
		00F073542B60F50E002F82CE /* Embed Watch Content */ = {
			isa = PBXCopyFilesBuildPhase;
			buildActionMask = 2147483647;
			dstPath = "$(CONTENTS_FOLDER_PATH)/Watch";
			dstSubfolderSpec = 16;
			files = (
				00F073422B60F50D002F82CE /* BallNoLie Watch App.app in Embed Watch Content */,
			);
			name = "Embed Watch Content";
			runOnlyForDeploymentPostprocessing = 0;
		};
/* End PBXCopyFilesBuildPhase section */

/* Begin PBXFileReference section */
		00F073312B60F50C002F82CE /* BallNoLie.app */ = {isa = PBXFileReference; explicitFileType = wrapper.application; includeInIndex = 0; path = BallNoLie.app; sourceTree = BUILT_PRODUCTS_DIR; };
		00F073342B60F50C002F82CE /* BallNoLieApp.swift */ = {isa = PBXFileReference; lastKnownFileType = sourcecode.swift; path = BallNoLieApp.swift; sourceTree = "<group>"; };
		00F073362B60F50C002F82CE /* ContentView.swift */ = {isa = PBXFileReference; lastKnownFileType = sourcecode.swift; path = ContentView.swift; sourceTree = "<group>"; };
		00F073382B60F50D002F82CE /* Assets.xcassets */ = {isa = PBXFileReference; lastKnownFileType = folder.assetcatalog; path = Assets.xcassets; sourceTree = "<group>"; };
		00F0733B2B60F50D002F82CE /* Preview Assets.xcassets */ = {isa = PBXFileReference; lastKnownFileType = folder.assetcatalog; path = "Preview Assets.xcassets"; sourceTree = "<group>"; };
		00F073412B60F50D002F82CE /* BallNoLie Watch App.app */ = {isa = PBXFileReference; explicitFileType = wrapper.application; includeInIndex = 0; path = "BallNoLie Watch App.app"; sourceTree = BUILT_PRODUCTS_DIR; };
		00F073462B60F50D002F82CE /* BallNoLieApp.swift */ = {isa = PBXFileReference; lastKnownFileType = sourcecode.swift; path = BallNoLieApp.swift; sourceTree = "<group>"; };
		00F073482B60F50D002F82CE /* ContentView.swift */ = {isa = PBXFileReference; lastKnownFileType = sourcecode.swift; path = ContentView.swift; sourceTree = "<group>"; };
		00F0734A2B60F50E002F82CE /* Assets.xcassets */ = {isa = PBXFileReference; lastKnownFileType = folder.assetcatalog; path = Assets.xcassets; sourceTree = "<group>"; };
		00F0734D2B60F50E002F82CE /* Preview Assets.xcassets */ = {isa = PBXFileReference; lastKnownFileType = folder.assetcatalog; path = "Preview Assets.xcassets"; sourceTree = "<group>"; };
/* End PBXFileReference section */

/* Begin PBXFrameworksBuildPhase section */
		00F0732E2B60F50C002F82CE /* Frameworks */ = {
			isa = PBXFrameworksBuildPhase;
			buildActionMask = 2147483647;
			files = (
			);
			runOnlyForDeploymentPostprocessing = 0;
		};
		00F0733E2B60F50D002F82CE /* Frameworks */ = {
			isa = PBXFrameworksBuildPhase;
			buildActionMask = 2147483647;
			files = (
			);
			runOnlyForDeploymentPostprocessing = 0;
		};
/* End PBXFrameworksBuildPhase section */

/* Begin PBXGroup section */
		00F073282B60F50C002F82CE = {
			isa = PBXGroup;
			children = (
				00F073332B60F50C002F82CE /* BallNoLie */,
				00F073452B60F50D002F82CE /* BallNoLie Watch App */,
				00F073322B60F50C002F82CE /* Products */,
			);
			sourceTree = "<group>";
		};
		00F073322B60F50C002F82CE /* Products */ = {
			isa = PBXGroup;
			children = (
				00F073312B60F50C002F82CE /* BallNoLie.app */,
				00F073412B60F50D002F82CE /* BallNoLie Watch App.app */,
			);
			name = Products;
			sourceTree = "<group>";
		};
		00F073332B60F50C002F82CE /* BallNoLie */ = {
			isa = PBXGroup;
			children = (
				00F073342B60F50C002F82CE /* BallNoLieApp.swift */,
				00F073362B60F50C002F82CE /* ContentView.swift */,
				00F073382B60F50D002F82CE /* Assets.xcassets */,
				00F0733A2B60F50D002F82CE /* Preview Content */,
			);
			path = BallNoLie;
			sourceTree = "<group>";
		};
		00F0733A2B60F50D002F82CE /* Preview Content */ = {
			isa = PBXGroup;
			children = (
				00F0733B2B60F50D002F82CE /* Preview Assets.xcassets */,
			);
			path = "Preview Content";
			sourceTree = "<group>";
		};
		00F073452B60F50D002F82CE /* BallNoLie Watch App */ = {
			isa = PBXGroup;
			children = (
				00F073462B60F50D002F82CE /* BallNoLieApp.swift */,
				00F073482B60F50D002F82CE /* ContentView.swift */,
				00F0734A2B60F50E002F82CE /* Assets.xcassets */,
				00F0734C2B60F50E002F82CE /* Preview Content */,
			);
			path = "BallNoLie Watch App";
			sourceTree = "<group>";
		};
		00F0734C2B60F50E002F82CE /* Preview Content */ = {
			isa = PBXGroup;
			children = (
				00F0734D2B60F50E002F82CE /* Preview Assets.xcassets */,
			);
			path = "Preview Content";
			sourceTree = "<group>";
		};
/* End PBXGroup section */

/* Begin PBXNativeTarget section */
		00F073302B60F50C002F82CE /* BallNoLie */ = {
			isa = PBXNativeTarget;
			buildConfigurationList = 00F073552B60F50E002F82CE /* Build configuration list for PBXNativeTarget "BallNoLie" */;
			buildPhases = (
				00F0732D2B60F50C002F82CE /* Sources */,
				00F0732E2B60F50C002F82CE /* Frameworks */,
				00F0732F2B60F50C002F82CE /* Resources */,
				00F073542B60F50E002F82CE /* Embed Watch Content */,
			);
			buildRules = (
			);
			dependencies = (
				00F073442B60F50D002F82CE /* PBXTargetDependency */,
			);
			name = BallNoLie;
			productName = BallNoLie;
			productReference = 00F073312B60F50C002F82CE /* BallNoLie.app */;
			productType = "com.apple.product-type.application";
		};
		00F073402B60F50D002F82CE /* BallNoLie Watch App */ = {
			isa = PBXNativeTarget;
			buildConfigurationList = 00F073512B60F50E002F82CE /* Build configuration list for PBXNativeTarget "BallNoLie Watch App" */;
			buildPhases = (
				00F0733D2B60F50D002F82CE /* Sources */,
				00F0733E2B60F50D002F82CE /* Frameworks */,
				00F0733F2B60F50D002F82CE /* Resources */,
			);
			buildRules = (
			);
			dependencies = (
			);
			name = "BallNoLie Watch App";
			productName = "BallNoLie Watch App";
			productReference = 00F073412B60F50D002F82CE /* BallNoLie Watch App.app */;
			productType = "com.apple.product-type.application";
		};
/* End PBXNativeTarget section */

/* Begin PBXProject section */
		00F073292B60F50C002F82CE /* Project object */ = {
			isa = PBXProject;
			attributes = {
				BuildIndependentTargetsInParallel = 1;
				LastSwiftUpdateCheck = 1500;
				LastUpgradeCheck = 1500;
				TargetAttributes = {
					00F073302B60F50C002F82CE = {
						CreatedOnToolsVersion = 15.0;
					};
					00F073402B60F50D002F82CE = {
						CreatedOnToolsVersion = 15.0;
					};
				};
			};
			buildConfigurationList = 00F0732C2B60F50C002F82CE /* Build configuration list for PBXProject "BallNoLie" */;
			compatibilityVersion = "Xcode 14.0";
			developmentRegion = en;
			hasScannedForEncodings = 0;
			knownRegions = (
				en,
				Base,
			);
			mainGroup = 00F073282B60F50C002F82CE;
			productRefGroup = 00F073322B60F50C002F82CE /* Products */;
			projectDirPath = "";
			projectRoot = "";
			targets = (
				00F073302B60F50C002F82CE /* BallNoLie */,
				00F073402B60F50D002F82CE /* BallNoLie Watch App */,
			);
		};
/* End PBXProject section */

/* Begin PBXResourcesBuildPhase section */
		00F0732F2B60F50C002F82CE /* Resources */ = {
			isa = PBXResourcesBuildPhase;
			buildActionMask = 2147483647;
			files = (
				00F0733C2B60F50D002F82CE /* Preview Assets.xcassets in Resources */,
				00F073392B60F50D002F82CE /* Assets.xcassets in Resources */,
			);
			runOnlyForDeploymentPostprocessing = 0;
		};
		00F0733F2B60F50D002F82CE /* Resources */ = {
			isa = PBXResourcesBuildPhase;
			buildActionMask = 2147483647;
			files = (
				00F0734E2B60F50E002F82CE /* Preview Assets.xcassets in Resources */,
				00F0734B2B60F50E002F82CE /* Assets.xcassets in Resources */,
			);
			runOnlyForDeploymentPostprocessing = 0;
		};
/* End PBXResourcesBuildPhase section */

/* Begin PBXSourcesBuildPhase section */
		00F0732D2B60F50C002F82CE /* Sources */ = {
			isa = PBXSourcesBuildPhase;
			buildActionMask = 2147483647;
			files = (
				00F073372B60F50C002F82CE /* ContentView.swift in Sources */,
				00F073352B60F50C002F82CE /* BallNoLieApp.swift in Sources */,
			);
			runOnlyForDeploymentPostprocessing = 0;
		};
		00F0733D2B60F50D002F82CE /* Sources */ = {
			isa = PBXSourcesBuildPhase;
			buildActionMask = 2147483647;
			files = (
				00F073492B60F50D002F82CE /* ContentView.swift in Sources */,
				00F073472B60F50D002F82CE /* BallNoLieApp.swift in Sources */,
			);
			runOnlyForDeploymentPostprocessing = 0;
		};
/* End PBXSourcesBuildPhase section */

/* Begin PBXTargetDependency section */
		00F073442B60F50D002F82CE /* PBXTargetDependency */ = {
			isa = PBXTargetDependency;
			target = 00F073402B60F50D002F82CE /* BallNoLie Watch App */;
			targetProxy = 00F073432B60F50D002F82CE /* PBXContainerItemProxy */;
		};
/* End PBXTargetDependency section */

/* Begin XCBuildConfiguration section */
		00F0734F2B60F50E002F82CE /* Debug */ = {
			isa = XCBuildConfiguration;
			buildSettings = {
				ALWAYS_SEARCH_USER_PATHS = NO;
				ASSETCATALOG_COMPILER_GENERATE_SWIFT_ASSET_SYMBOL_EXTENSIONS = YES;
				CLANG_ANALYZER_NONNULL = YES;
				CLANG_ANALYZER_NUMBER_OBJECT_CONVERSION = YES_AGGRESSIVE;
				CLANG_CXX_LANGUAGE_STANDARD = "gnu++20";
				CLANG_ENABLE_MODULES = YES;
				CLANG_ENABLE_OBJC_ARC = YES;
				CLANG_ENABLE_OBJC_WEAK = YES;
				CLANG_WARN_BLOCK_CAPTURE_AUTORELEASING = YES;
				CLANG_WARN_BOOL_CONVERSION = YES;
				CLANG_WARN_COMMA = YES;
				CLANG_WARN_CONSTANT_CONVERSION = YES;
				CLANG_WARN_DEPRECATED_OBJC_IMPLEMENTATIONS = YES;
				CLANG_WARN_DIRECT_OBJC_ISA_USAGE = YES_ERROR;
				CLANG_WARN_DOCUMENTATION_COMMENTS = YES;
				CLANG_WARN_EMPTY_BODY = YES;
				CLANG_WARN_ENUM_CONVERSION = YES;
				CLANG_WARN_INFINITE_RECURSION = YES;
				CLANG_WARN_INT_CONVERSION = YES;
				CLANG_WARN_NON_LITERAL_NULL_CONVERSION = YES;
				CLANG_WARN_OBJC_IMPLICIT_RETAIN_SELF = YES;
				CLANG_WARN_OBJC_LITERAL_CONVERSION = YES;
				CLANG_WARN_OBJC_ROOT_CLASS = YES_ERROR;
				CLANG_WARN_QUOTED_INCLUDE_IN_FRAMEWORK_HEADER = YES;
				CLANG_WARN_RANGE_LOOP_ANALYSIS = YES;
				CLANG_WARN_STRICT_PROTOTYPES = YES;
				CLANG_WARN_SUSPICIOUS_MOVE = YES;
				CLANG_WARN_UNGUARDED_AVAILABILITY = YES_AGGRESSIVE;
				CLANG_WARN_UNREACHABLE_CODE = YES;
				CLANG_WARN__DUPLICATE_METHOD_MATCH = YES;
				COPY_PHASE_STRIP = NO;
				DEBUG_INFORMATION_FORMAT = dwarf;
				ENABLE_STRICT_OBJC_MSGSEND = YES;
				ENABLE_TESTABILITY = YES;
				ENABLE_USER_SCRIPT_SANDBOXING = YES;
				GCC_C_LANGUAGE_STANDARD = gnu17;
				GCC_DYNAMIC_NO_PIC = NO;
				GCC_NO_COMMON_BLOCKS = YES;
				GCC_OPTIMIZATION_LEVEL = 0;
				GCC_PREPROCESSOR_DEFINITIONS = (
					"DEBUG=1",
					"$(inherited)",
				);
				GCC_WARN_64_TO_32_BIT_CONVERSION = YES;
				GCC_WARN_ABOUT_RETURN_TYPE = YES_ERROR;
				GCC_WARN_UNDECLARED_SELECTOR = YES;
				GCC_WARN_UNINITIALIZED_AUTOS = YES_AGGRESSIVE;
				GCC_WARN_UNUSED_FUNCTION = YES;
				GCC_WARN_UNUSED_VARIABLE = YES;
				LOCALIZATION_PREFERS_STRING_CATALOGS = YES;
				MTL_ENABLE_DEBUG_INFO = INCLUDE_SOURCE;
				MTL_FAST_MATH = YES;
				ONLY_ACTIVE_ARCH = YES;
				SWIFT_ACTIVE_COMPILATION_CONDITIONS = "DEBUG $(inherited)";
				SWIFT_OPTIMIZATION_LEVEL = "-Onone";
			};
			name = Debug;
		};
		00F073502B60F50E002F82CE /* Release */ = {
			isa = XCBuildConfiguration;
			buildSettings = {
				ALWAYS_SEARCH_USER_PATHS = NO;
				ASSETCATALOG_COMPILER_GENERATE_SWIFT_ASSET_SYMBOL_EXTENSIONS = YES;
				CLANG_ANALYZER_NONNULL = YES;
				CLANG_ANALYZER_NUMBER_OBJECT_CONVERSION = YES_AGGRESSIVE;
				CLANG_CXX_LANGUAGE_STANDARD = "gnu++20";
				CLANG_ENABLE_MODULES = YES;
				CLANG_ENABLE_OBJC_ARC = YES;
				CLANG_ENABLE_OBJC_WEAK = YES;
				CLANG_WARN_BLOCK_CAPTURE_AUTORELEASING = YES;
				CLANG_WARN_BOOL_CONVERSION = YES;
				CLANG_WARN_COMMA = YES;
				CLANG_WARN_CONSTANT_CONVERSION = YES;
				CLANG_WARN_DEPRECATED_OBJC_IMPLEMENTATIONS = YES;
				CLANG_WARN_DIRECT_OBJC_ISA_USAGE = YES_ERROR;
				CLANG_WARN_DOCUMENTATION_COMMENTS = YES;
				CLANG_WARN_EMPTY_BODY = YES;
				CLANG_WARN_ENUM_CONVERSION = YES;
				CLANG_WARN_INFINITE_RECURSION = YES;
				CLANG_WARN_INT_CONVERSION = YES;
				CLANG_WARN_NON_LITERAL_NULL_CONVERSION = YES;
				CLANG_WARN_OBJC_IMPLICIT_RETAIN_SELF = YES;
				CLANG_WARN_OBJC_LITERAL_CONVERSION = YES;
				CLANG_WARN_OBJC_ROOT_CLASS = YES_ERROR;
				CLANG_WARN_QUOTED_INCLUDE_IN_FRAMEWORK_HEADER = YES;
				CLANG_WARN_RANGE_LOOP_ANALYSIS = YES;
				CLANG_WARN_STRICT_PROTOTYPES = YES;
				CLANG_WARN_SUSPICIOUS_MOVE = YES;
				CLANG_WARN_UNGUARDED_AVAILABILITY = YES_AGGRESSIVE;
				CLANG_WARN_UNREACHABLE_CODE = YES;
				CLANG_WARN__DUPLICATE_METHOD_MATCH = YES;
				COPY_PHASE_STRIP = NO;
				DEBUG_INFORMATION_FORMAT = "dwarf-with-dsym";
				ENABLE_NS_ASSERTIONS = NO;
				ENABLE_STRICT_OBJC_MSGSEND = YES;
				ENABLE_USER_SCRIPT_SANDBOXING = YES;
				GCC_C_LANGUAGE_STANDARD = gnu17;
				GCC_NO_COMMON_BLOCKS = YES;
				GCC_WARN_64_TO_32_BIT_CONVERSION = YES;
				GCC_WARN_ABOUT_RETURN_TYPE = YES_ERROR;
				GCC_WARN_UNDECLARED_SELECTOR = YES;
				GCC_WARN_UNINITIALIZED_AUTOS = YES_AGGRESSIVE;
				GCC_WARN_UNUSED_FUNCTION = YES;
				GCC_WARN_UNUSED_VARIABLE = YES;
				LOCALIZATION_PREFERS_STRING_CATALOGS = YES;
				MTL_ENABLE_DEBUG_INFO = NO;
				MTL_FAST_MATH = YES;
				SWIFT_COMPILATION_MODE = wholemodule;
			};
			name = Release;
		};
		00F073522B60F50E002F82CE /* Debug */ = {
			isa = XCBuildConfiguration;
			buildSettings = {
				ASSETCATALOG_COMPILER_APPICON_NAME = AppIcon;
				ASSETCATALOG_COMPILER_GLOBAL_ACCENT_COLOR_NAME = AccentColor;
				CODE_SIGN_STYLE = Automatic;
				CURRENT_PROJECT_VERSION = 1;
				DEVELOPMENT_ASSET_PATHS = "\"BallNoLie Watch App/Preview Content\"";
				DEVELOPMENT_TEAM = VD4JPC3R94;
				ENABLE_PREVIEWS = YES;
				GENERATE_INFOPLIST_FILE = YES;
				INFOPLIST_KEY_CFBundleDisplayName = BallNoLie;
				INFOPLIST_KEY_UISupportedInterfaceOrientations = "UIInterfaceOrientationPortrait UIInterfaceOrientationPortraitUpsideDown";
				INFOPLIST_KEY_WKCompanionAppBundleIdentifier = org.thakur.BallNoLie;
				LD_RUNPATH_SEARCH_PATHS = (
					"$(inherited)",
					"@executable_path/Frameworks",
				);
				MARKETING_VERSION = 1.0;
				PRODUCT_BUNDLE_IDENTIFIER = org.thakur.BallNoLie.watchkitapp;
				PRODUCT_NAME = "$(TARGET_NAME)";
				SDKROOT = watchos;
				SKIP_INSTALL = YES;
				SWIFT_EMIT_LOC_STRINGS = YES;
				SWIFT_VERSION = 5.0;
				TARGETED_DEVICE_FAMILY = 4;
				WATCHOS_DEPLOYMENT_TARGET = 10.0;
			};
			name = Debug;
		};
		00F073532B60F50E002F82CE /* Release */ = {
			isa = XCBuildConfiguration;
			buildSettings = {
				ASSETCATALOG_COMPILER_APPICON_NAME = AppIcon;
				ASSETCATALOG_COMPILER_GLOBAL_ACCENT_COLOR_NAME = AccentColor;
				CODE_SIGN_STYLE = Automatic;
				CURRENT_PROJECT_VERSION = 1;
				DEVELOPMENT_ASSET_PATHS = "\"BallNoLie Watch App/Preview Content\"";
				DEVELOPMENT_TEAM = VD4JPC3R94;
				ENABLE_PREVIEWS = YES;
				GENERATE_INFOPLIST_FILE = YES;
				INFOPLIST_KEY_CFBundleDisplayName = BallNoLie;
				INFOPLIST_KEY_UISupportedInterfaceOrientations = "UIInterfaceOrientationPortrait UIInterfaceOrientationPortraitUpsideDown";
				INFOPLIST_KEY_WKCompanionAppBundleIdentifier = org.thakur.BallNoLie;
				LD_RUNPATH_SEARCH_PATHS = (
					"$(inherited)",
					"@executable_path/Frameworks",
				);
				MARKETING_VERSION = 1.0;
				PRODUCT_BUNDLE_IDENTIFIER = org.thakur.BallNoLie.watchkitapp;
				PRODUCT_NAME = "$(TARGET_NAME)";
				SDKROOT = watchos;
				SKIP_INSTALL = YES;
				SWIFT_EMIT_LOC_STRINGS = YES;
				SWIFT_VERSION = 5.0;
				TARGETED_DEVICE_FAMILY = 4;
				VALIDATE_PRODUCT = YES;
				WATCHOS_DEPLOYMENT_TARGET = 10.0;
			};
			name = Release;
		};
		00F073562B60F50E002F82CE /* Debug */ = {
			isa = XCBuildConfiguration;
			buildSettings = {
				ALWAYS_EMBED_SWIFT_STANDARD_LIBRARIES = YES;
				ASSETCATALOG_COMPILER_APPICON_NAME = AppIcon;
				ASSETCATALOG_COMPILER_GLOBAL_ACCENT_COLOR_NAME = AccentColor;
				CODE_SIGN_STYLE = Automatic;
				CURRENT_PROJECT_VERSION = 1;
				DEVELOPMENT_ASSET_PATHS = "\"BallNoLie/Preview Content\"";
				DEVELOPMENT_TEAM = VD4JPC3R94;
				ENABLE_PREVIEWS = YES;
				GENERATE_INFOPLIST_FILE = YES;
				INFOPLIST_KEY_CFBundleDisplayName = BallNoLie;
				INFOPLIST_KEY_UIApplicationSceneManifest_Generation = YES;
				INFOPLIST_KEY_UIApplicationSupportsIndirectInputEvents = YES;
				INFOPLIST_KEY_UILaunchScreen_Generation = YES;
				INFOPLIST_KEY_UISupportedInterfaceOrientations_iPad = "UIInterfaceOrientationPortrait UIInterfaceOrientationPortraitUpsideDown UIInterfaceOrientationLandscapeLeft UIInterfaceOrientationLandscapeRight";
				INFOPLIST_KEY_UISupportedInterfaceOrientations_iPhone = "UIInterfaceOrientationPortrait UIInterfaceOrientationLandscapeLeft UIInterfaceOrientationLandscapeRight";
				IPHONEOS_DEPLOYMENT_TARGET = 17.0;
				LD_RUNPATH_SEARCH_PATHS = (
					"$(inherited)",
					"@executable_path/Frameworks",
				);
				MARKETING_VERSION = 1.0;
				PRODUCT_BUNDLE_IDENTIFIER = org.thakur.BallNoLie;
				PRODUCT_NAME = "$(TARGET_NAME)";
				SDKROOT = iphoneos;
				SWIFT_EMIT_LOC_STRINGS = YES;
				SWIFT_VERSION = 5.0;
				TARGETED_DEVICE_FAMILY = "1,2";
			};
			name = Debug;
		};
		00F073572B60F50E002F82CE /* Release */ = {
			isa = XCBuildConfiguration;
			buildSettings = {
				ALWAYS_EMBED_SWIFT_STANDARD_LIBRARIES = YES;
				ASSETCATALOG_COMPILER_APPICON_NAME = AppIcon;
				ASSETCATALOG_COMPILER_GLOBAL_ACCENT_COLOR_NAME = AccentColor;
				CODE_SIGN_STYLE = Automatic;
				CURRENT_PROJECT_VERSION = 1;
				DEVELOPMENT_ASSET_PATHS = "\"BallNoLie/Preview Content\"";
				DEVELOPMENT_TEAM = VD4JPC3R94;
				ENABLE_PREVIEWS = YES;
				GENERATE_INFOPLIST_FILE = YES;
				INFOPLIST_KEY_CFBundleDisplayName = BallNoLie;
				INFOPLIST_KEY_UIApplicationSceneManifest_Generation = YES;
				INFOPLIST_KEY_UIApplicationSupportsIndirectInputEvents = YES;
				INFOPLIST_KEY_UILaunchScreen_Generation = YES;
				INFOPLIST_KEY_UISupportedInterfaceOrientations_iPad = "UIInterfaceOrientationPortrait UIInterfaceOrientationPortraitUpsideDown UIInterfaceOrientationLandscapeLeft UIInterfaceOrientationLandscapeRight";
				INFOPLIST_KEY_UISupportedInterfaceOrientations_iPhone = "UIInterfaceOrientationPortrait UIInterfaceOrientationLandscapeLeft UIInterfaceOrientationLandscapeRight";
				IPHONEOS_DEPLOYMENT_TARGET = 17.0;
				LD_RUNPATH_SEARCH_PATHS = (
					"$(inherited)",
					"@executable_path/Frameworks",
				);
				MARKETING_VERSION = 1.0;
				PRODUCT_BUNDLE_IDENTIFIER = org.thakur.BallNoLie;
				PRODUCT_NAME = "$(TARGET_NAME)";
				SDKROOT = iphoneos;
				SWIFT_EMIT_LOC_STRINGS = YES;
				SWIFT_VERSION = 5.0;
				TARGETED_DEVICE_FAMILY = "1,2";
				VALIDATE_PRODUCT = YES;
			};
			name = Release;
		};
/* End XCBuildConfiguration section */

/* Begin XCConfigurationList section */
		00F0732C2B60F50C002F82CE /* Build configuration list for PBXProject "BallNoLie" */ = {
			isa = XCConfigurationList;
			buildConfigurations = (
				00F0734F2B60F50E002F82CE /* Debug */,
				00F073502B60F50E002F82CE /* Release */,
			);
			defaultConfigurationIsVisible = 0;
			defaultConfigurationName = Release;
		};
		00F073512B60F50E002F82CE /* Build configuration list for PBXNativeTarget "BallNoLie Watch App" */ = {
			isa = XCConfigurationList;
			buildConfigurations = (
				00F073522B60F50E002F82CE /* Debug */,
				00F073532B60F50E002F82CE /* Release */,
			);
			defaultConfigurationIsVisible = 0;
			defaultConfigurationName = Release;
		};
		00F073552B60F50E002F82CE /* Build configuration list for PBXNativeTarget "BallNoLie" */ = {
			isa = XCConfigurationList;
			buildConfigurations = (
				00F073562B60F50E002F82CE /* Debug */,
				00F073572B60F50E002F82CE /* Release */,
			);
			defaultConfigurationIsVisible = 0;
			defaultConfigurationName = Release;
		};
/* End XCConfigurationList section */
	};
	rootObject = 00F073292B60F50C002F82CE /* Project object */;
}
